Microsoft Visual Studio Solution File, Format Version 12.00
# Visual Studio 14
VisualStudioVersion = 14.0.25420.1
MinimumVisualStudioVersion = 10.0.40219.1
Project("{FAE04EC0-301F-11D3-BF4B-00C04F79EFBC}") = "Dustbuster", "Dustbuster.csproj", "{0251D14B-1821-4D77-A49A-F3ABDF2B5B32}"
EndProject
Project("{FAE04EC0-301F-11D3-BF4B-00C04F79EFBC}") = "Dustbuster.Droid", "Droid\Dustbuster.Droid.csproj", "{05269D83-9D9A-4623-B2B8-A6082CF93DBE}"
EndProject
Project("{FAE04EC0-301F-11D3-BF4B-00C04F79EFBC}") = "Dustbuster.iOS", "iOS\Dustbuster.iOS.csproj", "{D2208323-7E3F-4ACE-AC1E-D635138CA9BE}"
EndProject
Project("{FAE04EC0-301F-11D3-BF4B-00C04F79EFBC}") = "Dustbuster.Testing", "..\Dustbuster.Testing\Dustbuster.Testing.csproj", "{BF492E4C-5403-4225-9C56-3CFB9DD9C432}"
EndProject
Global
	GlobalSection(SolutionConfigurationPlatforms) = preSolution
		Ad-Hoc|Any CPU = Ad-Hoc|Any CPU
		Ad-Hoc|iPhone = Ad-Hoc|iPhone
		Ad-Hoc|iPhoneSimulator = Ad-Hoc|iPhoneSimulator
		AppStore|Any CPU = AppStore|Any CPU
		AppStore|iPhone = AppStore|iPhone
		AppStore|iPhoneSimulator = AppStore|iPhoneSimulator
		Debug|Any CPU = Debug|Any CPU
		Debug|iPhone = Debug|iPhone
		Debug|iPhoneSimulator = Debug|iPhoneSimulator
		Release|Any CPU = Release|Any CPU
		Release|iPhone = Release|iPhone
		Release|iPhoneSimulator = Release|iPhoneSimulator
	EndGlobalSection
	GlobalSection(ProjectConfigurationPlatforms) = postSolution
		{0251D14B-1821-4D77-A49A-F3ABDF2B5B32}.Ad-Hoc|Any CPU.ActiveCfg = Release|Any CPU
		{0251D14B-1821-4D77-A49A-F3ABDF2B5B32}.Ad-Hoc|Any CPU.Build.0 = Release|Any CPU
		{0251D14B-1821-4D77-A49A-F3ABDF2B5B32}.Ad-Hoc|iPhone.ActiveCfg = Release|Any CPU
		{0251D14B-1821-4D77-A49A-F3ABDF2B5B32}.Ad-Hoc|iPhone.Build.0 = Release|Any CPU
		{0251D14B-1821-4D77-A49A-F3ABDF2B5B32}.Ad-Hoc|iPhoneSimulator.ActiveCfg = Release|Any CPU
		{0251D14B-1821-4D77-A49A-F3ABDF2B5B32}.Ad-Hoc|iPhoneSimulator.Build.0 = Release|Any CPU
		{0251D14B-1821-4D77-A49A-F3ABDF2B5B32}.AppStore|Any CPU.ActiveCfg = Release|Any CPU
		{0251D14B-1821-4D77-A49A-F3ABDF2B5B32}.AppStore|Any CPU.Build.0 = Release|Any CPU
		{0251D14B-1821-4D77-A49A-F3ABDF2B5B32}.AppStore|iPhone.ActiveCfg = Release|Any CPU
		{0251D14B-1821-4D77-A49A-F3ABDF2B5B32}.AppStore|iPhone.Build.0 = Release|Any CPU
		{0251D14B-1821-4D77-A49A-F3ABDF2B5B32}.AppStore|iPhoneSimulator.ActiveCfg = Release|Any CPU
		{0251D14B-1821-4D77-A49A-F3ABDF2B5B32}.AppStore|iPhoneSimulator.Build.0 = Release|Any CPU
		{0251D14B-1821-4D77-A49A-F3ABDF2B5B32}.Debug|Any CPU.ActiveCfg = Debug|Any CPU
		{0251D14B-1821-4D77-A49A-F3ABDF2B5B32}.Debug|Any CPU.Build.0 = Debug|Any CPU
		{0251D14B-1821-4D77-A49A-F3ABDF2B5B32}.Debug|iPhone.ActiveCfg = Debug|Any CPU
		{0251D14B-1821-4D77-A49A-F3ABDF2B5B32}.Debug|iPhone.Build.0 = Debug|Any CPU
		{0251D14B-1821-4D77-A49A-F3ABDF2B5B32}.Debug|iPhoneSimulator.ActiveCfg = Debug|Any CPU
		{0251D14B-1821-4D77-A49A-F3ABDF2B5B32}.Debug|iPhoneSimulator.Build.0 = Debug|Any CPU
		{0251D14B-1821-4D77-A49A-F3ABDF2B5B32}.Release|Any CPU.ActiveCfg = Release|Any CPU
		{0251D14B-1821-4D77-A49A-F3ABDF2B5B32}.Release|Any CPU.Build.0 = Release|Any CPU
		{0251D14B-1821-4D77-A49A-F3ABDF2B5B32}.Release|iPhone.ActiveCfg = Release|Any CPU
		{0251D14B-1821-4D77-A49A-F3ABDF2B5B32}.Release|iPhone.Build.0 = Release|Any CPU
		{0251D14B-1821-4D77-A49A-F3ABDF2B5B32}.Release|iPhoneSimulator.ActiveCfg = Release|Any CPU
		{0251D14B-1821-4D77-A49A-F3ABDF2B5B32}.Release|iPhoneSimulator.Build.0 = Release|Any CPU
		{05269D83-9D9A-4623-B2B8-A6082CF93DBE}.Ad-Hoc|Any CPU.ActiveCfg = Release|Any CPU
		{05269D83-9D9A-4623-B2B8-A6082CF93DBE}.Ad-Hoc|Any CPU.Build.0 = Release|Any CPU
		{05269D83-9D9A-4623-B2B8-A6082CF93DBE}.Ad-Hoc|Any CPU.Deploy.0 = Release|Any CPU
		{05269D83-9D9A-4623-B2B8-A6082CF93DBE}.Ad-Hoc|iPhone.ActiveCfg = Release|Any CPU
		{05269D83-9D9A-4623-B2B8-A6082CF93DBE}.Ad-Hoc|iPhone.Build.0 = Release|Any CPU
		{05269D83-9D9A-4623-B2B8-A6082CF93DBE}.Ad-Hoc|iPhone.Deploy.0 = Release|Any CPU
		{05269D83-9D9A-4623-B2B8-A6082CF93DBE}.Ad-Hoc|iPhoneSimulator.ActiveCfg = Release|Any CPU
		{05269D83-9D9A-4623-B2B8-A6082CF93DBE}.Ad-Hoc|iPhoneSimulator.Build.0 = Release|Any CPU
		{05269D83-9D9A-4623-B2B8-A6082CF93DBE}.Ad-Hoc|iPhoneSimulator.Deploy.0 = Release|Any CPU
		{05269D83-9D9A-4623-B2B8-A6082CF93DBE}.AppStore|Any CPU.ActiveCfg = Release|Any CPU
		{05269D83-9D9A-4623-B2B8-A6082CF93DBE}.AppStore|Any CPU.Build.0 = Release|Any CPU
		{05269D83-9D9A-4623-B2B8-A6082CF93DBE}.AppStore|Any CPU.Deploy.0 = Release|Any CPU
		{05269D83-9D9A-4623-B2B8-A6082CF93DBE}.AppStore|iPhone.ActiveCfg = Release|Any CPU
		{05269D83-9D9A-4623-B2B8-A6082CF93DBE}.AppStore|iPhone.Build.0 = Release|Any CPU
		{05269D83-9D9A-4623-B2B8-A6082CF93DBE}.AppStore|iPhone.Deploy.0 = Release|Any CPU
		{05269D83-9D9A-4623-B2B8-A6082CF93DBE}.AppStore|iPhoneSimulator.ActiveCfg = Release|Any CPU
		{05269D83-9D9A-4623-B2B8-A6082CF93DBE}.AppStore|iPhoneSimulator.Build.0 = Release|Any CPU
		{05269D83-9D9A-4623-B2B8-A6082CF93DBE}.AppStore|iPhoneSimulator.Deploy.0 = Release|Any CPU
		{05269D83-9D9A-4623-B2B8-A6082CF93DBE}.Debug|Any CPU.ActiveCfg = Debug|Any CPU
		{05269D83-9D9A-4623-B2B8-A6082CF93DBE}.Debug|Any CPU.Build.0 = Debug|Any CPU
		{05269D83-9D9A-4623-B2B8-A6082CF93DBE}.Debug|Any CPU.Deploy.0 = Debug|Any CPU
		{05269D83-9D9A-4623-B2B8-A6082CF93DBE}.Debug|iPhone.ActiveCfg = Debug|Any CPU
		{05269D83-9D9A-4623-B2B8-A6082CF93DBE}.Debug|iPhone.Build.0 = Debug|Any CPU
		{05269D83-9D9A-4623-B2B8-A6082CF93DBE}.Debug|iPhone.Deploy.0 = Debug|Any CPU
		{05269D83-9D9A-4623-B2B8-A6082CF93DBE}.Debug|iPhoneSimulator.ActiveCfg = Debug|Any CPU
		{05269D83-9D9A-4623-B2B8-A6082CF93DBE}.Debug|iPhoneSimulator.Build.0 = Debug|Any CPU
		{05269D83-9D9A-4623-B2B8-A6082CF93DBE}.Debug|iPhoneSimulator.Deploy.0 = Debug|Any CPU
		{05269D83-9D9A-4623-B2B8-A6082CF93DBE}.Release|Any CPU.ActiveCfg = Release|Any CPU
		{05269D83-9D9A-4623-B2B8-A6082CF93DBE}.Release|Any CPU.Build.0 = Release|Any CPU
		{05269D83-9D9A-4623-B2B8-A6082CF93DBE}.Release|iPhone.ActiveCfg = Release|Any CPU
		{05269D83-9D9A-4623-B2B8-A6082CF93DBE}.Release|iPhone.Build.0 = Release|Any CPU
		{05269D83-9D9A-4623-B2B8-A6082CF93DBE}.Release|iPhone.Deploy.0 = Release|Any CPU
		{05269D83-9D9A-4623-B2B8-A6082CF93DBE}.Release|iPhoneSimulator.ActiveCfg = Release|Any CPU
		{05269D83-9D9A-4623-B2B8-A6082CF93DBE}.Release|iPhoneSimulator.Build.0 = Release|Any CPU
		{05269D83-9D9A-4623-B2B8-A6082CF93DBE}.Release|iPhoneSimulator.Deploy.0 = Release|Any CPU
		{D2208323-7E3F-4ACE-AC1E-D635138CA9BE}.Ad-Hoc|Any CPU.ActiveCfg = Ad-Hoc|iPhone
		{D2208323-7E3F-4ACE-AC1E-D635138CA9BE}.Ad-Hoc|iPhone.ActiveCfg = Ad-Hoc|iPhone
		{D2208323-7E3F-4ACE-AC1E-D635138CA9BE}.Ad-Hoc|iPhone.Build.0 = Ad-Hoc|iPhone
		{D2208323-7E3F-4ACE-AC1E-D635138CA9BE}.Ad-Hoc|iPhoneSimulator.ActiveCfg = Ad-Hoc|iPhoneSimulator
		{D2208323-7E3F-4ACE-AC1E-D635138CA9BE}.Ad-Hoc|iPhoneSimulator.Build.0 = Ad-Hoc|iPhoneSimulator
		{D2208323-7E3F-4ACE-AC1E-D635138CA9BE}.AppStore|Any CPU.ActiveCfg = AppStore|iPhone
		{D2208323-7E3F-4ACE-AC1E-D635138CA9BE}.AppStore|iPhone.ActiveCfg = AppStore|iPhone
		{D2208323-7E3F-4ACE-AC1E-D635138CA9BE}.AppStore|iPhone.Build.0 = AppStore|iPhone
		{D2208323-7E3F-4ACE-AC1E-D635138CA9BE}.AppStore|iPhoneSimulator.ActiveCfg = AppStore|iPhoneSimulator
		{D2208323-7E3F-4ACE-AC1E-D635138CA9BE}.AppStore|iPhoneSimulator.Build.0 = AppStore|iPhoneSimulator
		{D2208323-7E3F-4ACE-AC1E-D635138CA9BE}.Debug|Any CPU.ActiveCfg = Debug|iPhone
		{D2208323-7E3F-4ACE-AC1E-D635138CA9BE}.Debug|iPhone.ActiveCfg = Debug|iPhone
		{D2208323-7E3F-4ACE-AC1E-D635138CA9BE}.Debug|iPhone.Build.0 = Debug|iPhone
		{D2208323-7E3F-4ACE-AC1E-D635138CA9BE}.Debug|iPhoneSimulator.ActiveCfg = Debug|iPhoneSimulator
		{D2208323-7E3F-4ACE-AC1E-D635138CA9BE}.Debug|iPhoneSimulator.Build.0 = Debug|iPhoneSimulator
		{D2208323-7E3F-4ACE-AC1E-D635138CA9BE}.Release|Any CPU.ActiveCfg = Release|iPhone
		{D2208323-7E3F-4ACE-AC1E-D635138CA9BE}.Release|iPhone.ActiveCfg = Release|iPhone
		{D2208323-7E3F-4ACE-AC1E-D635138CA9BE}.Release|iPhone.Build.0 = Release|iPhone
		{D2208323-7E3F-4ACE-AC1E-D635138CA9BE}.Release|iPhoneSimulator.ActiveCfg = Release|iPhoneSimulator
		{D2208323-7E3F-4ACE-AC1E-D635138CA9BE}.Release|iPhoneSimulator.Build.0 = Release|iPhoneSimulator
		{BF492E4C-5403-4225-9C56-3CFB9DD9C432}.Ad-Hoc|Any CPU.ActiveCfg = Release|Any CPU
		{BF492E4C-5403-4225-9C56-3CFB9DD9C432}.Ad-Hoc|Any CPU.Build.0 = Release|Any CPU
		{BF492E4C-5403-4225-9C56-3CFB9DD9C432}.Ad-Hoc|iPhone.ActiveCfg = Release|Any CPU
		{BF492E4C-5403-4225-9C56-3CFB9DD9C432}.Ad-Hoc|iPhone.Build.0 = Release|Any CPU
		{BF492E4C-5403-4225-9C56-3CFB9DD9C432}.Ad-Hoc|iPhoneSimulator.ActiveCfg = Release|Any CPU
		{BF492E4C-5403-4225-9C56-3CFB9DD9C432}.Ad-Hoc|iPhoneSimulator.Build.0 = Release|Any CPU
		{BF492E4C-5403-4225-9C56-3CFB9DD9C432}.AppStore|Any CPU.ActiveCfg = Release|Any CPU
		{BF492E4C-5403-4225-9C56-3CFB9DD9C432}.AppStore|Any CPU.Build.0 = Release|Any CPU
		{BF492E4C-5403-4225-9C56-3CFB9DD9C432}.AppStore|iPhone.ActiveCfg = Release|Any CPU
		{BF492E4C-5403-4225-9C56-3CFB9DD9C432}.AppStore|iPhone.Build.0 = Release|Any CPU
		{BF492E4C-5403-4225-9C56-3CFB9DD9C432}.AppStore|iPhoneSimulator.ActiveCfg = Release|Any CPU
		{BF492E4C-5403-4225-9C56-3CFB9DD9C432}.AppStore|iPhoneSimulator.Build.0 = Release|Any CPU
		{BF492E4C-5403-4225-9C56-3CFB9DD9C432}.Debug|Any CPU.ActiveCfg = Debug|Any CPU
		{BF492E4C-5403-4225-9C56-3CFB9DD9C432}.Debug|Any CPU.Build.0 = Debug|Any CPU
		{BF492E4C-5403-4225-9C56-3CFB9DD9C432}.Debug|iPhone.ActiveCfg = Debug|Any CPU
		{BF492E4C-5403-4225-9C56-3CFB9DD9C432}.Debug|iPhone.Build.0 = Debug|Any CPU
		{BF492E4C-5403-4225-9C56-3CFB9DD9C432}.Debug|iPhoneSimulator.ActiveCfg = Debug|Any CPU
		{BF492E4C-5403-4225-9C56-3CFB9DD9C432}.Debug|iPhoneSimulator.Build.0 = Debug|Any CPU
		{BF492E4C-5403-4225-9C56-3CFB9DD9C432}.Release|Any CPU.ActiveCfg = Release|Any CPU
		{BF492E4C-5403-4225-9C56-3CFB9DD9C432}.Release|Any CPU.Build.0 = Release|Any CPU
		{BF492E4C-5403-4225-9C56-3CFB9DD9C432}.Release|iPhone.ActiveCfg = Release|Any CPU
		{BF492E4C-5403-4225-9C56-3CFB9DD9C432}.Release|iPhone.Build.0 = Release|Any CPU
		{BF492E4C-5403-4225-9C56-3CFB9DD9C432}.Release|iPhoneSimulator.ActiveCfg = Release|Any CPU
		{BF492E4C-5403-4225-9C56-3CFB9DD9C432}.Release|iPhoneSimulator.Build.0 = Release|Any CPU
	EndGlobalSection
	GlobalSection(SolutionProperties) = preSolution
		HideSolutionNode = FALSE
	EndGlobalSection
EndGlobal
